
Microsoft Visual Studio Solution File, Format Version 12.00
# Visual Studio Version 17
VisualStudioVersion = 17.5.33516.290
MinimumVisualStudioVersion = 10.0.40219.1
Project("{FAE04EC0-301F-11D3-BF4B-00C04F79EFBC}") = "DestinyFitnessStudioCrudEF", "DestinyFitnessStudioCrudEF\DestinyFitnessStudioCrudEF.csproj", "{C9968DA3-12D8-42FC-8C96-FF4CA3DFB3E2}"
EndProject
Global
	GlobalSection(SolutionConfigurationPlatforms) = preSolution
		Debug|Any CPU = Debug|Any CPU
		Release|Any CPU = Release|Any CPU
	EndGlobalSection
	GlobalSection(ProjectConfigurationPlatforms) = postSolution
		{C9968DA3-12D8-42FC-8C96-FF4CA3DFB3E2}.Debug|Any CPU.ActiveCfg = Debug|Any CPU
		{C9968DA3-12D8-42FC-8C96-FF4CA3DFB3E2}.Debug|Any CPU.Build.0 = Debug|Any CPU
		{C9968DA3-12D8-42FC-8C96-FF4CA3DFB3E2}.Release|Any CPU.ActiveCfg = Release|Any CPU
		{C9968DA3-12D8-42FC-8C96-FF4CA3DFB3E2}.Release|Any CPU.Build.0 = Release|Any CPU
	EndGlobalSection
	GlobalSection(SolutionProperties) = preSolution
		HideSolutionNode = FALSE
	EndGlobalSection
	GlobalSection(ExtensibilityGlobals) = postSolution
		SolutionGuid = {261DBE3E-461F-4D69-B6AA-91870D82AF23}
	EndGlobalSection
EndGlobal
